{
  "requires": true,
  "lockfileVersion": 1,
  "dependencies": {
    "pallois-palindrome": {
      "version": "0.1.0",
      "resolved": "https://registry.npmjs.org/pallois-palindrome/-/pallois-palindrome-0.1.0.tgz",
      "integrity": "sha512-Ki3zi2d36ASvXNxlP1h7irztRywKiw+ZLHHM2V9Y+2g037WCNB7wKqfPn2v3KzhY2zQr5/o7obyyqTB6xX1uLg=="
    }
  }
}
